
Microsoft Visual Studio Solution File, Format Version 12.00
# Visual Studio Version 17
VisualStudioVersion = 17.0.31903.59
MinimumVisualStudioVersion = 10.0.40219.1
Project("{2150E333-8FDC-42A3-9474-1A3956D46DE8}") = "src", "src", "{827E0CD3-B72D-47B6-A68D-7590B98EB39B}"
EndProject
Project("{FAE04EC0-301F-11D3-BF4B-00C04F79EFBC}") = "Authz.Client", "src\Authz.Client\Authz.Client.csproj", "{862F03FF-17A4-4198-B2B7-5355B806CD67}"
EndProject
Project("{FAE04EC0-301F-11D3-BF4B-00C04F79EFBC}") = "MsAuthz.Infrastructure", "src\MsAuthz.Infrastructure\MsAuthz.Infrastructure.csproj", "{B0EE832F-0A8A-4860-9D2C-01C1DF31A5E2}"
EndProject
Project("{FAE04EC0-301F-11D3-BF4B-00C04F79EFBC}") = "MsAuthz.Application", "src\MsAuthz.Application\MsAuthz.Application.csproj", "{9FD8D6BE-92C8-4814-9520-0D8C9C30D8EC}"
EndProject
Project("{FAE04EC0-301F-11D3-BF4B-00C04F79EFBC}") = "MsAuthz.Api", "src\MsAuthz.Api\MsAuthz.Api.csproj", "{97E3A615-38AB-4398-98D6-C2B82D16EA07}"
EndProject
Project("{2150E333-8FDC-42A3-9474-1A3956D46DE8}") = "tests", "tests", "{0AB3BF05-4346-4AA6-1389-037BE0695223}"
EndProject
Project("{FAE04EC0-301F-11D3-BF4B-00C04F79EFBC}") = "MsAuthz.UnitTests", "tests\MsAuthz.UnitTests\MsAuthz.UnitTests.csproj", "{27EEEA1B-3932-4E97-ACE5-C28D0D85E42F}"
EndProject
Project("{FAE04EC0-301F-11D3-BF4B-00C04F79EFBC}") = "Authz.Client.UnitTests", "tests\Authz.Client.UnitTests\Authz.Client.UnitTests.csproj", "{83DE2EF8-6E98-4711-B68A-DDC76C9F9E1B}"
EndProject
Global
	GlobalSection(SolutionConfigurationPlatforms) = preSolution
		Debug|Any CPU = Debug|Any CPU
		Debug|x64 = Debug|x64
		Debug|x86 = Debug|x86
		Release|Any CPU = Release|Any CPU
		Release|x64 = Release|x64
		Release|x86 = Release|x86
	EndGlobalSection
	GlobalSection(ProjectConfigurationPlatforms) = postSolution
		{862F03FF-17A4-4198-B2B7-5355B806CD67}.Debug|Any CPU.ActiveCfg = Debug|Any CPU
		{862F03FF-17A4-4198-B2B7-5355B806CD67}.Debug|Any CPU.Build.0 = Debug|Any CPU
		{862F03FF-17A4-4198-B2B7-5355B806CD67}.Debug|x64.ActiveCfg = Debug|Any CPU
		{862F03FF-17A4-4198-B2B7-5355B806CD67}.Debug|x64.Build.0 = Debug|Any CPU
		{862F03FF-17A4-4198-B2B7-5355B806CD67}.Debug|x86.ActiveCfg = Debug|Any CPU
		{862F03FF-17A4-4198-B2B7-5355B806CD67}.Debug|x86.Build.0 = Debug|Any CPU
		{862F03FF-17A4-4198-B2B7-5355B806CD67}.Release|Any CPU.ActiveCfg = Release|Any CPU
		{862F03FF-17A4-4198-B2B7-5355B806CD67}.Release|Any CPU.Build.0 = Release|Any CPU
		{862F03FF-17A4-4198-B2B7-5355B806CD67}.Release|x64.ActiveCfg = Release|Any CPU
		{862F03FF-17A4-4198-B2B7-5355B806CD67}.Release|x64.Build.0 = Release|Any CPU
		{862F03FF-17A4-4198-B2B7-5355B806CD67}.Release|x86.ActiveCfg = Release|Any CPU
		{862F03FF-17A4-4198-B2B7-5355B806CD67}.Release|x86.Build.0 = Release|Any CPU
		{B0EE832F-0A8A-4860-9D2C-01C1DF31A5E2}.Debug|Any CPU.ActiveCfg = Debug|Any CPU
		{B0EE832F-0A8A-4860-9D2C-01C1DF31A5E2}.Debug|Any CPU.Build.0 = Debug|Any CPU
		{B0EE832F-0A8A-4860-9D2C-01C1DF31A5E2}.Debug|x64.ActiveCfg = Debug|Any CPU
		{B0EE832F-0A8A-4860-9D2C-01C1DF31A5E2}.Debug|x64.Build.0 = Debug|Any CPU
		{B0EE832F-0A8A-4860-9D2C-01C1DF31A5E2}.Debug|x86.ActiveCfg = Debug|Any CPU
		{B0EE832F-0A8A-4860-9D2C-01C1DF31A5E2}.Debug|x86.Build.0 = Debug|Any CPU
		{B0EE832F-0A8A-4860-9D2C-01C1DF31A5E2}.Release|Any CPU.ActiveCfg = Release|Any CPU
		{B0EE832F-0A8A-4860-9D2C-01C1DF31A5E2}.Release|Any CPU.Build.0 = Release|Any CPU
		{B0EE832F-0A8A-4860-9D2C-01C1DF31A5E2}.Release|x64.ActiveCfg = Release|Any CPU
		{B0EE832F-0A8A-4860-9D2C-01C1DF31A5E2}.Release|x64.Build.0 = Release|Any CPU
		{B0EE832F-0A8A-4860-9D2C-01C1DF31A5E2}.Release|x86.ActiveCfg = Release|Any CPU
		{B0EE832F-0A8A-4860-9D2C-01C1DF31A5E2}.Release|x86.Build.0 = Release|Any CPU
		{9FD8D6BE-92C8-4814-9520-0D8C9C30D8EC}.Debug|Any CPU.ActiveCfg = Debug|Any CPU
		{9FD8D6BE-92C8-4814-9520-0D8C9C30D8EC}.Debug|Any CPU.Build.0 = Debug|Any CPU
		{9FD8D6BE-92C8-4814-9520-0D8C9C30D8EC}.Debug|x64.ActiveCfg = Debug|Any CPU
		{9FD8D6BE-92C8-4814-9520-0D8C9C30D8EC}.Debug|x64.Build.0 = Debug|Any CPU
		{9FD8D6BE-92C8-4814-9520-0D8C9C30D8EC}.Debug|x86.ActiveCfg = Debug|Any CPU
		{9FD8D6BE-92C8-4814-9520-0D8C9C30D8EC}.Debug|x86.Build.0 = Debug|Any CPU
		{9FD8D6BE-92C8-4814-9520-0D8C9C30D8EC}.Release|Any CPU.ActiveCfg = Release|Any CPU
		{9FD8D6BE-92C8-4814-9520-0D8C9C30D8EC}.Release|Any CPU.Build.0 = Release|Any CPU
		{9FD8D6BE-92C8-4814-9520-0D8C9C30D8EC}.Release|x64.ActiveCfg = Release|Any CPU
		{9FD8D6BE-92C8-4814-9520-0D8C9C30D8EC}.Release|x64.Build.0 = Release|Any CPU
		{9FD8D6BE-92C8-4814-9520-0D8C9C30D8EC}.Release|x86.ActiveCfg = Release|Any CPU
		{9FD8D6BE-92C8-4814-9520-0D8C9C30D8EC}.Release|x86.Build.0 = Release|Any CPU
		{97E3A615-38AB-4398-98D6-C2B82D16EA07}.Debug|Any CPU.ActiveCfg = Debug|Any CPU
		{97E3A615-38AB-4398-98D6-C2B82D16EA07}.Debug|Any CPU.Build.0 = Debug|Any CPU
		{97E3A615-38AB-4398-98D6-C2B82D16EA07}.Debug|x64.ActiveCfg = Debug|Any CPU
		{97E3A615-38AB-4398-98D6-C2B82D16EA07}.Debug|x64.Build.0 = Debug|Any CPU
		{97E3A615-38AB-4398-98D6-C2B82D16EA07}.Debug|x86.ActiveCfg = Debug|Any CPU
		{97E3A615-38AB-4398-98D6-C2B82D16EA07}.Debug|x86.Build.0 = Debug|Any CPU
		{97E3A615-38AB-4398-98D6-C2B82D16EA07}.Release|Any CPU.ActiveCfg = Release|Any CPU
		{97E3A615-38AB-4398-98D6-C2B82D16EA07}.Release|Any CPU.Build.0 = Release|Any CPU
		{97E3A615-38AB-4398-98D6-C2B82D16EA07}.Release|x64.ActiveCfg = Release|Any CPU
		{97E3A615-38AB-4398-98D6-C2B82D16EA07}.Release|x64.Build.0 = Release|Any CPU
		{97E3A615-38AB-4398-98D6-C2B82D16EA07}.Release|x86.ActiveCfg = Release|Any CPU
		{97E3A615-38AB-4398-98D6-C2B82D16EA07}.Release|x86.Build.0 = Release|Any CPU
		{27EEEA1B-3932-4E97-ACE5-C28D0D85E42F}.Debug|Any CPU.ActiveCfg = Debug|Any CPU
		{27EEEA1B-3932-4E97-ACE5-C28D0D85E42F}.Debug|Any CPU.Build.0 = Debug|Any CPU
		{27EEEA1B-3932-4E97-ACE5-C28D0D85E42F}.Debug|x64.ActiveCfg = Debug|Any CPU
		{27EEEA1B-3932-4E97-ACE5-C28D0D85E42F}.Debug|x64.Build.0 = Debug|Any CPU
		{27EEEA1B-3932-4E97-ACE5-C28D0D85E42F}.Debug|x86.ActiveCfg = Debug|Any CPU
		{27EEEA1B-3932-4E97-ACE5-C28D0D85E42F}.Debug|x86.Build.0 = Debug|Any CPU
		{27EEEA1B-3932-4E97-ACE5-C28D0D85E42F}.Release|Any CPU.ActiveCfg = Release|Any CPU
		{27EEEA1B-3932-4E97-ACE5-C28D0D85E42F}.Release|Any CPU.Build.0 = Release|Any CPU
		{27EEEA1B-3932-4E97-ACE5-C28D0D85E42F}.Release|x64.ActiveCfg = Release|Any CPU
		{27EEEA1B-3932-4E97-ACE5-C28D0D85E42F}.Release|x64.Build.0 = Release|Any CPU
		{27EEEA1B-3932-4E97-ACE5-C28D0D85E42F}.Release|x86.ActiveCfg = Release|Any CPU
		{27EEEA1B-3932-4E97-ACE5-C28D0D85E42F}.Release|x86.Build.0 = Release|Any CPU
		{83DE2EF8-6E98-4711-B68A-DDC76C9F9E1B}.Debug|Any CPU.ActiveCfg = Debug|Any CPU
		{83DE2EF8-6E98-4711-B68A-DDC76C9F9E1B}.Debug|Any CPU.Build.0 = Debug|Any CPU
		{83DE2EF8-6E98-4711-B68A-DDC76C9F9E1B}.Debug|x64.ActiveCfg = Debug|Any CPU
		{83DE2EF8-6E98-4711-B68A-DDC76C9F9E1B}.Debug|x64.Build.0 = Debug|Any CPU
		{83DE2EF8-6E98-4711-B68A-DDC76C9F9E1B}.Debug|x86.ActiveCfg = Debug|Any CPU
		{83DE2EF8-6E98-4711-B68A-DDC76C9F9E1B}.Debug|x86.Build.0 = Debug|Any CPU
		{83DE2EF8-6E98-4711-B68A-DDC76C9F9E1B}.Release|Any CPU.ActiveCfg = Release|Any CPU
		{83DE2EF8-6E98-4711-B68A-DDC76C9F9E1B}.Release|Any CPU.Build.0 = Release|Any CPU
		{83DE2EF8-6E98-4711-B68A-DDC76C9F9E1B}.Release|x64.ActiveCfg = Release|Any CPU
		{83DE2EF8-6E98-4711-B68A-DDC76C9F9E1B}.Release|x64.Build.0 = Release|Any CPU
		{83DE2EF8-6E98-4711-B68A-DDC76C9F9E1B}.Release|x86.ActiveCfg = Release|Any CPU
		{83DE2EF8-6E98-4711-B68A-DDC76C9F9E1B}.Release|x86.Build.0 = Release|Any CPU
	EndGlobalSection
	GlobalSection(SolutionProperties) = preSolution
		HideSolutionNode = FALSE
	EndGlobalSection
	GlobalSection(NestedProjects) = preSolution
		{862F03FF-17A4-4198-B2B7-5355B806CD67} = {827E0CD3-B72D-47B6-A68D-7590B98EB39B}
		{B0EE832F-0A8A-4860-9D2C-01C1DF31A5E2} = {827E0CD3-B72D-47B6-A68D-7590B98EB39B}
		{9FD8D6BE-92C8-4814-9520-0D8C9C30D8EC} = {827E0CD3-B72D-47B6-A68D-7590B98EB39B}
		{97E3A615-38AB-4398-98D6-C2B82D16EA07} = {827E0CD3-B72D-47B6-A68D-7590B98EB39B}
		{27EEEA1B-3932-4E97-ACE5-C28D0D85E42F} = {0AB3BF05-4346-4AA6-1389-037BE0695223}
		{83DE2EF8-6E98-4711-B68A-DDC76C9F9E1B} = {0AB3BF05-4346-4AA6-1389-037BE0695223}
	EndGlobalSection
EndGlobal
